// !$*UTF8*$!
{
	archiveVersion = 1;
	classes = {
	};
	objectVersion = 56;
	objects = {

/* Begin PBXBuildFile section */
		2438BDB62AEC6EBE00AA2D1A /* LocationsListView.swift in Sources */ = {isa = PBXBuildFile; fileRef = 2438BDB52AEC6EBE00AA2D1A /* LocationsListView.swift */; };
		2438BDB82AEC960100AA2D1A /* LocationPreviewView.swift in Sources */ = {isa = PBXBuildFile; fileRef = 2438BDB72AEC960100AA2D1A /* LocationPreviewView.swift */; };
		2438BDBA2AECAAFE00AA2D1A /* LocationMapAnnotationView.swift in Sources */ = {isa = PBXBuildFile; fileRef = 2438BDB92AECAAFE00AA2D1A /* LocationMapAnnotationView.swift */; };
		244E6DCD2AF14D1B0036EF4A /* LocationDetailView.swift in Sources */ = {isa = PBXBuildFile; fileRef = 244E6DCC2AF14D1B0036EF4A /* LocationDetailView.swift */; };
		24B765132AEB41D100181B92 /* LocationsView.swift in Sources */ = {isa = PBXBuildFile; fileRef = 24B765122AEB41D100181B92 /* LocationsView.swift */; };
		24B765152AEB452300181B92 /* LocationsViewModel.swift in Sources */ = {isa = PBXBuildFile; fileRef = 24B765142AEB452300181B92 /* LocationsViewModel.swift */; };
		24C0DDAB2AEABF5B00FA2904 /* VacancyTipsApp.swift in Sources */ = {isa = PBXBuildFile; fileRef = 24C0DDAA2AEABF5B00FA2904 /* VacancyTipsApp.swift */; };
		24C0DDAD2AEABF5B00FA2904 /* ContentView.swift in Sources */ = {isa = PBXBuildFile; fileRef = 24C0DDAC2AEABF5B00FA2904 /* ContentView.swift */; };
		24C0DDB22AEABF5C00FA2904 /* Preview Assets.xcassets in Resources */ = {isa = PBXBuildFile; fileRef = 24C0DDB12AEABF5C00FA2904 /* Preview Assets.xcassets */; };
		24C0DDB92AEABFF400FA2904 /* Assets.xcassets in Resources */ = {isa = PBXBuildFile; fileRef = 24C0DDB82AEABFF300FA2904 /* Assets.xcassets */; };
		24C0DDBE2AEAC45F00FA2904 /* LocationModel.swift in Sources */ = {isa = PBXBuildFile; fileRef = 24C0DDBD2AEAC45F00FA2904 /* LocationModel.swift */; };
		24C0DDC12AEAC4EA00FA2904 /* LocationsDataService.swift in Sources */ = {isa = PBXBuildFile; fileRef = 24C0DDC02AEAC4EA00FA2904 /* LocationsDataService.swift */; };
/* End PBXBuildFile section */

/* Begin PBXFileReference section */
		2438BDB52AEC6EBE00AA2D1A /* LocationsListView.swift */ = {isa = PBXFileReference; lastKnownFileType = sourcecode.swift; path = LocationsListView.swift; sourceTree = "<group>"; };
		2438BDB72AEC960100AA2D1A /* LocationPreviewView.swift */ = {isa = PBXFileReference; lastKnownFileType = sourcecode.swift; path = LocationPreviewView.swift; sourceTree = "<group>"; };
		2438BDB92AECAAFE00AA2D1A /* LocationMapAnnotationView.swift */ = {isa = PBXFileReference; lastKnownFileType = sourcecode.swift; path = LocationMapAnnotationView.swift; sourceTree = "<group>"; };
		244E6DCC2AF14D1B0036EF4A /* LocationDetailView.swift */ = {isa = PBXFileReference; lastKnownFileType = sourcecode.swift; path = LocationDetailView.swift; sourceTree = "<group>"; };
		244E6DCE2AF15B060036EF4A /* Info.plist */ = {isa = PBXFileReference; lastKnownFileType = text.plist; path = Info.plist; sourceTree = "<group>"; };
		24B765122AEB41D100181B92 /* LocationsView.swift */ = {isa = PBXFileReference; lastKnownFileType = sourcecode.swift; path = LocationsView.swift; sourceTree = "<group>"; };
		24B765142AEB452300181B92 /* LocationsViewModel.swift */ = {isa = PBXFileReference; lastKnownFileType = sourcecode.swift; path = LocationsViewModel.swift; sourceTree = "<group>"; };
		24C0DDA72AEABF5B00FA2904 /* VacancyTips.app */ = {isa = PBXFileReference; explicitFileType = wrapper.application; includeInIndex = 0; path = VacancyTips.app; sourceTree = BUILT_PRODUCTS_DIR; };
		24C0DDAA2AEABF5B00FA2904 /* VacancyTipsApp.swift */ = {isa = PBXFileReference; lastKnownFileType = sourcecode.swift; path = VacancyTipsApp.swift; sourceTree = "<group>"; };
		24C0DDAC2AEABF5B00FA2904 /* ContentView.swift */ = {isa = PBXFileReference; lastKnownFileType = sourcecode.swift; path = ContentView.swift; sourceTree = "<group>"; };
		24C0DDB12AEABF5C00FA2904 /* Preview Assets.xcassets */ = {isa = PBXFileReference; lastKnownFileType = folder.assetcatalog; path = "Preview Assets.xcassets"; sourceTree = "<group>"; };
		24C0DDB82AEABFF300FA2904 /* Assets.xcassets */ = {isa = PBXFileReference; lastKnownFileType = folder.assetcatalog; path = Assets.xcassets; sourceTree = "<group>"; };
		24C0DDBD2AEAC45F00FA2904 /* LocationModel.swift */ = {isa = PBXFileReference; lastKnownFileType = sourcecode.swift; path = LocationModel.swift; sourceTree = "<group>"; };
		24C0DDC02AEAC4EA00FA2904 /* LocationsDataService.swift */ = {isa = PBXFileReference; fileEncoding = 4; lastKnownFileType = sourcecode.swift; path = LocationsDataService.swift; sourceTree = "<group>"; };
/* End PBXFileReference section */

/* Begin PBXFrameworksBuildPhase section */
		24C0DDA42AEABF5B00FA2904 /* Frameworks */ = {
			isa = PBXFrameworksBuildPhase;
			buildActionMask = 2147483647;
			files = (
			);
			runOnlyForDeploymentPostprocessing = 0;
		};
/* End PBXFrameworksBuildPhase section */

/* Begin PBXGroup section */
		24C0DD9E2AEABF5B00FA2904 = {
			isa = PBXGroup;
			children = (
				24C0DDA92AEABF5B00FA2904 /* VacancyTips */,
				24C0DDA82AEABF5B00FA2904 /* Products */,
			);
			sourceTree = "<group>";
		};
		24C0DDA82AEABF5B00FA2904 /* Products */ = {
			isa = PBXGroup;
			children = (
				24C0DDA72AEABF5B00FA2904 /* VacancyTips.app */,
			);
			name = Products;
			sourceTree = "<group>";
		};
		24C0DDA92AEABF5B00FA2904 /* VacancyTips */ = {
			isa = PBXGroup;
			children = (
				244E6DCE2AF15B060036EF4A /* Info.plist */,
				24C0DDBF2AEAC4D300FA2904 /* DataServices */,
				24C0DDBB2AEAC41000FA2904 /* Views */,
				24C0DDBC2AEAC42B00FA2904 /* ViewModels */,
				24C0DDBA2AEAC3FD00FA2904 /* Models */,
				24C0DDAA2AEABF5B00FA2904 /* VacancyTipsApp.swift */,
				24C0DDAC2AEABF5B00FA2904 /* ContentView.swift */,
				24C0DDB82AEABFF300FA2904 /* Assets.xcassets */,
				24C0DDB02AEABF5C00FA2904 /* Preview Content */,
			);
			path = VacancyTips;
			sourceTree = "<group>";
		};
		24C0DDB02AEABF5C00FA2904 /* Preview Content */ = {
			isa = PBXGroup;
			children = (
				24C0DDB12AEABF5C00FA2904 /* Preview Assets.xcassets */,
			);
			path = "Preview Content";
			sourceTree = "<group>";
		};
		24C0DDBA2AEAC3FD00FA2904 /* Models */ = {
			isa = PBXGroup;
			children = (
				24C0DDBD2AEAC45F00FA2904 /* LocationModel.swift */,
			);
			path = Models;
			sourceTree = "<group>";
		};
		24C0DDBB2AEAC41000FA2904 /* Views */ = {
			isa = PBXGroup;
			children = (
				24B765122AEB41D100181B92 /* LocationsView.swift */,
				2438BDB52AEC6EBE00AA2D1A /* LocationsListView.swift */,
				2438BDB72AEC960100AA2D1A /* LocationPreviewView.swift */,
				2438BDB92AECAAFE00AA2D1A /* LocationMapAnnotationView.swift */,
				244E6DCC2AF14D1B0036EF4A /* LocationDetailView.swift */,
			);
			path = Views;
			sourceTree = "<group>";
		};
		24C0DDBC2AEAC42B00FA2904 /* ViewModels */ = {
			isa = PBXGroup;
			children = (
				24B765142AEB452300181B92 /* LocationsViewModel.swift */,
			);
			path = ViewModels;
			sourceTree = "<group>";
		};
		24C0DDBF2AEAC4D300FA2904 /* DataServices */ = {
			isa = PBXGroup;
			children = (
				24C0DDC02AEAC4EA00FA2904 /* LocationsDataService.swift */,
			);
			path = DataServices;
			sourceTree = "<group>";
		};
/* End PBXGroup section */

/* Begin PBXNativeTarget section */
		24C0DDA62AEABF5B00FA2904 /* VacancyTips */ = {
			isa = PBXNativeTarget;
			buildConfigurationList = 24C0DDB52AEABF5C00FA2904 /* Build configuration list for PBXNativeTarget "VacancyTips" */;
			buildPhases = (
				24C0DDA32AEABF5B00FA2904 /* Sources */,
				24C0DDA42AEABF5B00FA2904 /* Frameworks */,
				24C0DDA52AEABF5B00FA2904 /* Resources */,
			);
			buildRules = (
			);
			dependencies = (
			);
			name = VacancyTips;
			productName = VacancyTips;
			productReference = 24C0DDA72AEABF5B00FA2904 /* VacancyTips.app */;
			productType = "com.apple.product-type.application";
		};
/* End PBXNativeTarget section */

/* Begin PBXProject section */
		24C0DD9F2AEABF5B00FA2904 /* Project object */ = {
			isa = PBXProject;
			attributes = {
				BuildIndependentTargetsInParallel = 1;
				LastSwiftUpdateCheck = 1430;
				LastUpgradeCheck = 1430;
				TargetAttributes = {
					24C0DDA62AEABF5B00FA2904 = {
						CreatedOnToolsVersion = 14.3.1;
					};
				};
			};
			buildConfigurationList = 24C0DDA22AEABF5B00FA2904 /* Build configuration list for PBXProject "VacancyTips" */;
			compatibilityVersion = "Xcode 14.0";
			developmentRegion = en;
			hasScannedForEncodings = 0;
			knownRegions = (
				en,
				Base,
				"pt-BR",
			);
			mainGroup = 24C0DD9E2AEABF5B00FA2904;
			productRefGroup = 24C0DDA82AEABF5B00FA2904 /* Products */;
			projectDirPath = "";
			projectRoot = "";
			targets = (
				24C0DDA62AEABF5B00FA2904 /* VacancyTips */,
			);
		};
/* End PBXProject section */

/* Begin PBXResourcesBuildPhase section */
		24C0DDA52AEABF5B00FA2904 /* Resources */ = {
			isa = PBXResourcesBuildPhase;
			buildActionMask = 2147483647;
			files = (
				24C0DDB92AEABFF400FA2904 /* Assets.xcassets in Resources */,
				24C0DDB22AEABF5C00FA2904 /* Preview Assets.xcassets in Resources */,
			);
			runOnlyForDeploymentPostprocessing = 0;
		};
/* End PBXResourcesBuildPhase section */

/* Begin PBXSourcesBuildPhase section */
		24C0DDA32AEABF5B00FA2904 /* Sources */ = {
			isa = PBXSourcesBuildPhase;
			buildActionMask = 2147483647;
			files = (
				24C0DDC12AEAC4EA00FA2904 /* LocationsDataService.swift in Sources */,
				2438BDBA2AECAAFE00AA2D1A /* LocationMapAnnotationView.swift in Sources */,
				2438BDB62AEC6EBE00AA2D1A /* LocationsListView.swift in Sources */,
				2438BDB82AEC960100AA2D1A /* LocationPreviewView.swift in Sources */,
				24B765152AEB452300181B92 /* LocationsViewModel.swift in Sources */,
				24C0DDAD2AEABF5B00FA2904 /* ContentView.swift in Sources */,
				24B765132AEB41D100181B92 /* LocationsView.swift in Sources */,
				24C0DDBE2AEAC45F00FA2904 /* LocationModel.swift in Sources */,
				244E6DCD2AF14D1B0036EF4A /* LocationDetailView.swift in Sources */,
				24C0DDAB2AEABF5B00FA2904 /* VacancyTipsApp.swift in Sources */,
			);
			runOnlyForDeploymentPostprocessing = 0;
		};
/* End PBXSourcesBuildPhase section */

/* Begin XCBuildConfiguration section */
		24C0DDB32AEABF5C00FA2904 /* Debug */ = {
			isa = XCBuildConfiguration;
			buildSettings = {
				ALWAYS_SEARCH_USER_PATHS = NO;
				CLANG_ANALYZER_NONNULL = YES;
				CLANG_ANALYZER_NUMBER_OBJECT_CONVERSION = YES_AGGRESSIVE;
				CLANG_CXX_LANGUAGE_STANDARD = "gnu++20";
				CLANG_ENABLE_MODULES = YES;
				CLANG_ENABLE_OBJC_ARC = YES;
				CLANG_ENABLE_OBJC_WEAK = YES;
				CLANG_WARN_BLOCK_CAPTURE_AUTORELEASING = YES;
				CLANG_WARN_BOOL_CONVERSION = YES;
				CLANG_WARN_COMMA = YES;
				CLANG_WARN_CONSTANT_CONVERSION = YES;
				CLANG_WARN_DEPRECATED_OBJC_IMPLEMENTATIONS = YES;
				CLANG_WARN_DIRECT_OBJC_ISA_USAGE = YES_ERROR;
				CLANG_WARN_DOCUMENTATION_COMMENTS = YES;
				CLANG_WARN_EMPTY_BODY = YES;
				CLANG_WARN_ENUM_CONVERSION = YES;
				CLANG_WARN_INFINITE_RECURSION = YES;
				CLANG_WARN_INT_CONVERSION = YES;
				CLANG_WARN_NON_LITERAL_NULL_CONVERSION = YES;
				CLANG_WARN_OBJC_IMPLICIT_RETAIN_SELF = YES;
				CLANG_WARN_OBJC_LITERAL_CONVERSION = YES;
				CLANG_WARN_OBJC_ROOT_CLASS = YES_ERROR;
				CLANG_WARN_QUOTED_INCLUDE_IN_FRAMEWORK_HEADER = YES;
				CLANG_WARN_RANGE_LOOP_ANALYSIS = YES;
				CLANG_WARN_STRICT_PROTOTYPES = YES;
				CLANG_WARN_SUSPICIOUS_MOVE = YES;
				CLANG_WARN_UNGUARDED_AVAILABILITY = YES_AGGRESSIVE;
				CLANG_WARN_UNREACHABLE_CODE = YES;
				CLANG_WARN__DUPLICATE_METHOD_MATCH = YES;
				COPY_PHASE_STRIP = NO;
				DEBUG_INFORMATION_FORMAT = dwarf;
				ENABLE_STRICT_OBJC_MSGSEND = YES;
				ENABLE_TESTABILITY = YES;
				GCC_C_LANGUAGE_STANDARD = gnu11;
				GCC_DYNAMIC_NO_PIC = NO;
				GCC_NO_COMMON_BLOCKS = YES;
				GCC_OPTIMIZATION_LEVEL = 0;
				GCC_PREPROCESSOR_DEFINITIONS = (
					"DEBUG=1",
					"$(inherited)",
				);
				GCC_WARN_64_TO_32_BIT_CONVERSION = YES;
				GCC_WARN_ABOUT_RETURN_TYPE = YES_ERROR;
				GCC_WARN_UNDECLARED_SELECTOR = YES;
				GCC_WARN_UNINITIALIZED_AUTOS = YES_AGGRESSIVE;
				GCC_WARN_UNUSED_FUNCTION = YES;
				GCC_WARN_UNUSED_VARIABLE = YES;
				IPHONEOS_DEPLOYMENT_TARGET = 16.4;
				MTL_ENABLE_DEBUG_INFO = INCLUDE_SOURCE;
				MTL_FAST_MATH = YES;
				ONLY_ACTIVE_ARCH = YES;
				SDKROOT = iphoneos;
				SWIFT_ACTIVE_COMPILATION_CONDITIONS = DEBUG;
				SWIFT_OPTIMIZATION_LEVEL = "-Onone";
			};
			name = Debug;
		};
		24C0DDB42AEABF5C00FA2904 /* Release */ = {
			isa = XCBuildConfiguration;
			buildSettings = {
				ALWAYS_SEARCH_USER_PATHS = NO;
				CLANG_ANALYZER_NONNULL = YES;
				CLANG_ANALYZER_NUMBER_OBJECT_CONVERSION = YES_AGGRESSIVE;
				CLANG_CXX_LANGUAGE_STANDARD = "gnu++20";
				CLANG_ENABLE_MODULES = YES;
				CLANG_ENABLE_OBJC_ARC = YES;
				CLANG_ENABLE_OBJC_WEAK = YES;
				CLANG_WARN_BLOCK_CAPTURE_AUTORELEASING = YES;
				CLANG_WARN_BOOL_CONVERSION = YES;
				CLANG_WARN_COMMA = YES;
				CLANG_WARN_CONSTANT_CONVERSION = YES;
				CLANG_WARN_DEPRECATED_OBJC_IMPLEMENTATIONS = YES;
				CLANG_WARN_DIRECT_OBJC_ISA_USAGE = YES_ERROR;
				CLANG_WARN_DOCUMENTATION_COMMENTS = YES;
				CLANG_WARN_EMPTY_BODY = YES;
				CLANG_WARN_ENUM_CONVERSION = YES;
				CLANG_WARN_INFINITE_RECURSION = YES;
				CLANG_WARN_INT_CONVERSION = YES;
				CLANG_WARN_NON_LITERAL_NULL_CONVERSION = YES;
				CLANG_WARN_OBJC_IMPLICIT_RETAIN_SELF = YES;
				CLANG_WARN_OBJC_LITERAL_CONVERSION = YES;
				CLANG_WARN_OBJC_ROOT_CLASS = YES_ERROR;
				CLANG_WARN_QUOTED_INCLUDE_IN_FRAMEWORK_HEADER = YES;
				CLANG_WARN_RANGE_LOOP_ANALYSIS = YES;
				CLANG_WARN_STRICT_PROTOTYPES = YES;
				CLANG_WARN_SUSPICIOUS_MOVE = YES;
				CLANG_WARN_UNGUARDED_AVAILABILITY = YES_AGGRESSIVE;
				CLANG_WARN_UNREACHABLE_CODE = YES;
				CLANG_WARN__DUPLICATE_METHOD_MATCH = YES;
				COPY_PHASE_STRIP = NO;
				DEBUG_INFORMATION_FORMAT = "dwarf-with-dsym";
				ENABLE_NS_ASSERTIONS = NO;
				ENABLE_STRICT_OBJC_MSGSEND = YES;
				GCC_C_LANGUAGE_STANDARD = gnu11;
				GCC_NO_COMMON_BLOCKS = YES;
				GCC_WARN_64_TO_32_BIT_CONVERSION = YES;
				GCC_WARN_ABOUT_RETURN_TYPE = YES_ERROR;
				GCC_WARN_UNDECLARED_SELECTOR = YES;
				GCC_WARN_UNINITIALIZED_AUTOS = YES_AGGRESSIVE;
				GCC_WARN_UNUSED_FUNCTION = YES;
				GCC_WARN_UNUSED_VARIABLE = YES;
				IPHONEOS_DEPLOYMENT_TARGET = 16.4;
				MTL_ENABLE_DEBUG_INFO = NO;
				MTL_FAST_MATH = YES;
				SDKROOT = iphoneos;
				SWIFT_COMPILATION_MODE = wholemodule;
				SWIFT_OPTIMIZATION_LEVEL = "-O";
				VALIDATE_PRODUCT = YES;
			};
			name = Release;
		};
		24C0DDB62AEABF5C00FA2904 /* Debug */ = {
			isa = XCBuildConfiguration;
			buildSettings = {
				ASSETCATALOG_COMPILER_APPICON_NAME = AppIcon;
				ASSETCATALOG_COMPILER_GLOBAL_ACCENT_COLOR_NAME = AccentColor;
				CODE_SIGN_STYLE = Automatic;
				CURRENT_PROJECT_VERSION = 1;
				DEVELOPMENT_ASSET_PATHS = "\"VacancyTips/Preview Content\"";
				DEVELOPMENT_TEAM = 2T9YAV5VRP;
				ENABLE_PREVIEWS = YES;
				GENERATE_INFOPLIST_FILE = YES;
				INFOPLIST_FILE = VacancyTips/Info.plist;
				INFOPLIST_KEY_CFBundleDisplayName = "";
				INFOPLIST_KEY_LSApplicationCategoryType = "";
				INFOPLIST_KEY_UIApplicationSceneManifest_Generation = YES;
				INFOPLIST_KEY_UIApplicationSupportsIndirectInputEvents = YES;
				INFOPLIST_KEY_UISupportedInterfaceOrientations = UIInterfaceOrientationPortrait;
				INFOPLIST_KEY_UISupportedInterfaceOrientations_iPad = "UIInterfaceOrientationLandscapeLeft UIInterfaceOrientationLandscapeRight UIInterfaceOrientationPortrait UIInterfaceOrientationPortraitUpsideDown";
				LD_RUNPATH_SEARCH_PATHS = (
					"$(inherited)",
					"@executable_path/Frameworks",
				);
				MARKETING_VERSION = 1.0;
				PRODUCT_BUNDLE_IDENTIFIER = com.fabbahiense.VacancyTips;
				PRODUCT_NAME = "$(TARGET_NAME)";
				SUPPORTED_PLATFORMS = "iphoneos iphonesimulator";
				SUPPORTS_MACCATALYST = NO;
				SUPPORTS_MAC_DESIGNED_FOR_IPHONE_IPAD = NO;
				SWIFT_EMIT_LOC_STRINGS = YES;
				SWIFT_VERSION = 5.0;
				TARGETED_DEVICE_FAMILY = "1,2";
			};
			name = Debug;
		};
		24C0DDB72AEABF5C00FA2904 /* Release */ = {
			isa = XCBuildConfiguration;
			buildSettings = {
				ASSETCATALOG_COMPILER_APPICON_NAME = AppIcon;
				ASSETCATALOG_COMPILER_GLOBAL_ACCENT_COLOR_NAME = AccentColor;
				CODE_SIGN_STYLE = Automatic;
				CURRENT_PROJECT_VERSION = 1;
				DEVELOPMENT_ASSET_PATHS = "\"VacancyTips/Preview Content\"";
				DEVELOPMENT_TEAM = 2T9YAV5VRP;
				ENABLE_PREVIEWS = YES;
				GENERATE_INFOPLIST_FILE = YES;
				INFOPLIST_FILE = VacancyTips/Info.plist;
				INFOPLIST_KEY_CFBundleDisplayName = "";
				INFOPLIST_KEY_LSApplicationCategoryType = "";
				INFOPLIST_KEY_UIApplicationSceneManifest_Generation = YES;
				INFOPLIST_KEY_UIApplicationSupportsIndirectInputEvents = YES;
				INFOPLIST_KEY_UISupportedInterfaceOrientations = UIInterfaceOrientationPortrait;
				INFOPLIST_KEY_UISupportedInterfaceOrientations_iPad = "UIInterfaceOrientationLandscapeLeft UIInterfaceOrientationLandscapeRight UIInterfaceOrientationPortrait UIInterfaceOrientationPortraitUpsideDown";
				LD_RUNPATH_SEARCH_PATHS = (
					"$(inherited)",
					"@executable_path/Frameworks",
				);
				MARKETING_VERSION = 1.0;
				PRODUCT_BUNDLE_IDENTIFIER = com.fabbahiense.VacancyTips;
				PRODUCT_NAME = "$(TARGET_NAME)";
				SUPPORTED_PLATFORMS = "iphoneos iphonesimulator";
				SUPPORTS_MACCATALYST = NO;
				SUPPORTS_MAC_DESIGNED_FOR_IPHONE_IPAD = NO;
				SWIFT_EMIT_LOC_STRINGS = YES;
				SWIFT_VERSION = 5.0;
				TARGETED_DEVICE_FAMILY = "1,2";
			};
			name = Release;
		};
/* End XCBuildConfiguration section */

/* Begin XCConfigurationList section */
		24C0DDA22AEABF5B00FA2904 /* Build configuration list for PBXProject "VacancyTips" */ = {
			isa = XCConfigurationList;
			buildConfigurations = (
				24C0DDB32AEABF5C00FA2904 /* Debug */,
				24C0DDB42AEABF5C00FA2904 /* Release */,
			);
			defaultConfigurationIsVisible = 0;
			defaultConfigurationName = Release;
		};
		24C0DDB52AEABF5C00FA2904 /* Build configuration list for PBXNativeTarget "VacancyTips" */ = {
			isa = XCConfigurationList;
			buildConfigurations = (
				24C0DDB62AEABF5C00FA2904 /* Debug */,
				24C0DDB72AEABF5C00FA2904 /* Release */,
			);
			defaultConfigurationIsVisible = 0;
			defaultConfigurationName = Release;
		};
/* End XCConfigurationList section */
	};
	rootObject = 24C0DD9F2AEABF5B00FA2904 /* Project object */;
}
